// !$*UTF8*$!
{
	archiveVersion = 1;
	classes = {
	};
	objectVersion = 56;
	objects = {

/* Begin PBXBuildFile section */
		B2122AAA2998C39300A64E1E /* FavoriteGridItem.swift in Sources */ = {isa = PBXBuildFile; fileRef = B2122AA92998C39300A64E1E /* FavoriteGridItem.swift */; };
		B2386DC0299CB4C40083A3BE /* ButtonStyles.swift in Sources */ = {isa = PBXBuildFile; fileRef = B2386DBF299CB4C40083A3BE /* ButtonStyles.swift */; };
		B23F0C82298437A1009767BA /* PokemonService.swift in Sources */ = {isa = PBXBuildFile; fileRef = B23F0C81298437A1009767BA /* PokemonService.swift */; };
		B23F0C8429843A15009767BA /* Services.swift in Sources */ = {isa = PBXBuildFile; fileRef = B23F0C8329843A15009767BA /* Services.swift */; };
		B24C9A612976DB160094C677 /* Pokemon.swift in Sources */ = {isa = PBXBuildFile; fileRef = B24C9A602976DB160094C677 /* Pokemon.swift */; };
		B24C9A632976EE2E0094C677 /* Model.swift in Sources */ = {isa = PBXBuildFile; fileRef = B24C9A622976EE2E0094C677 /* Model.swift */; };
		B250774329893EA000483147 /* TabBarNavigation.swift in Sources */ = {isa = PBXBuildFile; fileRef = B250774229893EA000483147 /* TabBarNavigation.swift */; };
		B250774829894C8A00483147 /* HomeView.swift in Sources */ = {isa = PBXBuildFile; fileRef = B250774729894C8A00483147 /* HomeView.swift */; };
		B250774A29894D9C00483147 /* ListViewItem.swift in Sources */ = {isa = PBXBuildFile; fileRef = B250774929894D9C00483147 /* ListViewItem.swift */; };
		B2695ADB298290F4008A0153 /* Helper.swift in Sources */ = {isa = PBXBuildFile; fileRef = B2695ADA298290F4008A0153 /* Helper.swift */; };
		B2695ADF2982CEA2008A0153 /* Evolution.swift in Sources */ = {isa = PBXBuildFile; fileRef = B2695ADE2982CEA2008A0153 /* Evolution.swift */; };
		B26AA72B2985483500D72A7C /* EvolutionColumn.swift in Sources */ = {isa = PBXBuildFile; fileRef = B26AA72A2985483500D72A7C /* EvolutionColumn.swift */; };
		B2747B122973ED0A00209F8A /* DetailView.swift in Sources */ = {isa = PBXBuildFile; fileRef = B2747B112973ED0A00209F8A /* DetailView.swift */; };
		B2747B142973EE3C00209F8A /* DetailColumn.swift in Sources */ = {isa = PBXBuildFile; fileRef = B2747B132973EE3C00209F8A /* DetailColumn.swift */; };
		B2747B162973F2FF00209F8A /* StatBar.swift in Sources */ = {isa = PBXBuildFile; fileRef = B2747B152973F2FF00209F8A /* StatBar.swift */; };
		B2747B192973F98000209F8A /* CornerRaduisModifier.swift in Sources */ = {isa = PBXBuildFile; fileRef = B2747B182973F98000209F8A /* CornerRaduisModifier.swift */; };
		B2747B1D2974040000209F8A /* UIHelper.swift in Sources */ = {isa = PBXBuildFile; fileRef = B2747B1C2974040000209F8A /* UIHelper.swift */; };
		B27D0F8929745ACD00BAC32F /* SpriteColumn.swift in Sources */ = {isa = PBXBuildFile; fileRef = B27D0F8829745ACD00BAC32F /* SpriteColumn.swift */; };
		B2802B7A2992369A007AE3BA /* FavoritesView.swift in Sources */ = {isa = PBXBuildFile; fileRef = B2802B792992369A007AE3BA /* FavoritesView.swift */; };
		B286A7B7298537950018C7A3 /* StatRow.swift in Sources */ = {isa = PBXBuildFile; fileRef = B286A7B6298537950018C7A3 /* StatRow.swift */; };
		B293F01B29729BE0002B1B08 /* PokedexApp.swift in Sources */ = {isa = PBXBuildFile; fileRef = B293F01A29729BE0002B1B08 /* PokedexApp.swift */; };
		B293F01D29729BE0002B1B08 /* ContentView.swift in Sources */ = {isa = PBXBuildFile; fileRef = B293F01C29729BE0002B1B08 /* ContentView.swift */; };
		B293F01F29729BE2002B1B08 /* Assets.xcassets in Resources */ = {isa = PBXBuildFile; fileRef = B293F01E29729BE2002B1B08 /* Assets.xcassets */; };
		B293F02229729BE2002B1B08 /* Preview Assets.xcassets in Resources */ = {isa = PBXBuildFile; fileRef = B293F02129729BE2002B1B08 /* Preview Assets.xcassets */; };
		B293F02C29729BE2002B1B08 /* PokedexTests.swift in Sources */ = {isa = PBXBuildFile; fileRef = B293F02B29729BE2002B1B08 /* PokedexTests.swift */; };
		B293F03629729BE2002B1B08 /* PokedexUITests.swift in Sources */ = {isa = PBXBuildFile; fileRef = B293F03529729BE2002B1B08 /* PokedexUITests.swift */; };
		B293F03829729BE2002B1B08 /* PokedexUITestsLaunchTests.swift in Sources */ = {isa = PBXBuildFile; fileRef = B293F03729729BE2002B1B08 /* PokedexUITestsLaunchTests.swift */; };
		B2978D74299D5AC60071B94C /* Lottie in Frameworks */ = {isa = PBXBuildFile; productRef = B2978D73299D5AC60071B94C /* Lottie */; };
		B2978D76299D5B630071B94C /* LottieView.swift in Sources */ = {isa = PBXBuildFile; fileRef = B2978D75299D5B630071B94C /* LottieView.swift */; };
		B2978D78299D5C190071B94C /* loading.json in Resources */ = {isa = PBXBuildFile; fileRef = B2978D77299D5C190071B94C /* loading.json */; };
		B2A04CE72985A4D9008F4573 /* TypeCardList.swift in Sources */ = {isa = PBXBuildFile; fileRef = B2A04CE62985A4D9008F4573 /* TypeCardList.swift */; };
		B2A04CEB2985AA3C008F4573 /* EvolutionList.swift in Sources */ = {isa = PBXBuildFile; fileRef = B2A04CEA2985AA3C008F4573 /* EvolutionList.swift */; };
		B2B739DA2980037E000B1C46 /* TypeCard.swift in Sources */ = {isa = PBXBuildFile; fileRef = B2B739D92980037E000B1C46 /* TypeCard.swift */; };
		B2B739DE29802766000B1C46 /* PokemonType.swift in Sources */ = {isa = PBXBuildFile; fileRef = B2B739DD29802766000B1C46 /* PokemonType.swift */; };
/* End PBXBuildFile section */

/* Begin PBXContainerItemProxy section */
		B293F02829729BE2002B1B08 /* PBXContainerItemProxy */ = {
			isa = PBXContainerItemProxy;
			containerPortal = B293F00F29729BDF002B1B08 /* Project object */;
			proxyType = 1;
			remoteGlobalIDString = B293F01629729BE0002B1B08;
			remoteInfo = Pokedex;
		};
		B293F03229729BE2002B1B08 /* PBXContainerItemProxy */ = {
			isa = PBXContainerItemProxy;
			containerPortal = B293F00F29729BDF002B1B08 /* Project object */;
			proxyType = 1;
			remoteGlobalIDString = B293F01629729BE0002B1B08;
			remoteInfo = Pokedex;
		};
/* End PBXContainerItemProxy section */

/* Begin PBXFileReference section */
		B2122AA92998C39300A64E1E /* FavoriteGridItem.swift */ = {isa = PBXFileReference; lastKnownFileType = sourcecode.swift; path = FavoriteGridItem.swift; sourceTree = "<group>"; };
		B2386DBF299CB4C40083A3BE /* ButtonStyles.swift */ = {isa = PBXFileReference; lastKnownFileType = sourcecode.swift; path = ButtonStyles.swift; sourceTree = "<group>"; };
		B23F0C81298437A1009767BA /* PokemonService.swift */ = {isa = PBXFileReference; lastKnownFileType = sourcecode.swift; path = PokemonService.swift; sourceTree = "<group>"; };
		B23F0C8329843A15009767BA /* Services.swift */ = {isa = PBXFileReference; lastKnownFileType = sourcecode.swift; path = Services.swift; sourceTree = "<group>"; };
		B24C9A602976DB160094C677 /* Pokemon.swift */ = {isa = PBXFileReference; lastKnownFileType = sourcecode.swift; path = Pokemon.swift; sourceTree = "<group>"; };
		B24C9A622976EE2E0094C677 /* Model.swift */ = {isa = PBXFileReference; lastKnownFileType = sourcecode.swift; path = Model.swift; sourceTree = "<group>"; };
		B250774229893EA000483147 /* TabBarNavigation.swift */ = {isa = PBXFileReference; lastKnownFileType = sourcecode.swift; path = TabBarNavigation.swift; sourceTree = "<group>"; };
		B250774729894C8A00483147 /* HomeView.swift */ = {isa = PBXFileReference; lastKnownFileType = sourcecode.swift; path = HomeView.swift; sourceTree = "<group>"; };
		B250774929894D9C00483147 /* ListViewItem.swift */ = {isa = PBXFileReference; lastKnownFileType = sourcecode.swift; path = ListViewItem.swift; sourceTree = "<group>"; };
		B2695ADA298290F4008A0153 /* Helper.swift */ = {isa = PBXFileReference; lastKnownFileType = sourcecode.swift; path = Helper.swift; sourceTree = "<group>"; };
		B2695ADE2982CEA2008A0153 /* Evolution.swift */ = {isa = PBXFileReference; lastKnownFileType = sourcecode.swift; path = Evolution.swift; sourceTree = "<group>"; };
		B2695AE02982D0D9008A0153 /* Info.plist */ = {isa = PBXFileReference; lastKnownFileType = text.plist; path = Info.plist; sourceTree = "<group>"; };
		B26AA72A2985483500D72A7C /* EvolutionColumn.swift */ = {isa = PBXFileReference; lastKnownFileType = sourcecode.swift; path = EvolutionColumn.swift; sourceTree = "<group>"; };
		B2747B112973ED0A00209F8A /* DetailView.swift */ = {isa = PBXFileReference; lastKnownFileType = sourcecode.swift; path = DetailView.swift; sourceTree = "<group>"; };
		B2747B132973EE3C00209F8A /* DetailColumn.swift */ = {isa = PBXFileReference; lastKnownFileType = sourcecode.swift; path = DetailColumn.swift; sourceTree = "<group>"; };
		B2747B152973F2FF00209F8A /* StatBar.swift */ = {isa = PBXFileReference; lastKnownFileType = sourcecode.swift; path = StatBar.swift; sourceTree = "<group>"; };
		B2747B182973F98000209F8A /* CornerRaduisModifier.swift */ = {isa = PBXFileReference; lastKnownFileType = sourcecode.swift; path = CornerRaduisModifier.swift; sourceTree = "<group>"; };
		B2747B1C2974040000209F8A /* UIHelper.swift */ = {isa = PBXFileReference; lastKnownFileType = sourcecode.swift; path = UIHelper.swift; sourceTree = "<group>"; };
		B27D0F8829745ACD00BAC32F /* SpriteColumn.swift */ = {isa = PBXFileReference; lastKnownFileType = sourcecode.swift; path = SpriteColumn.swift; sourceTree = "<group>"; };
		B2802B792992369A007AE3BA /* FavoritesView.swift */ = {isa = PBXFileReference; lastKnownFileType = sourcecode.swift; path = FavoritesView.swift; sourceTree = "<group>"; };
		B286A7B6298537950018C7A3 /* StatRow.swift */ = {isa = PBXFileReference; lastKnownFileType = sourcecode.swift; path = StatRow.swift; sourceTree = "<group>"; };
		B293F01729729BE0002B1B08 /* Pokedex.app */ = {isa = PBXFileReference; explicitFileType = wrapper.application; includeInIndex = 0; path = Pokedex.app; sourceTree = BUILT_PRODUCTS_DIR; };
		B293F01A29729BE0002B1B08 /* PokedexApp.swift */ = {isa = PBXFileReference; lastKnownFileType = sourcecode.swift; path = PokedexApp.swift; sourceTree = "<group>"; };
		B293F01C29729BE0002B1B08 /* ContentView.swift */ = {isa = PBXFileReference; lastKnownFileType = sourcecode.swift; path = ContentView.swift; sourceTree = "<group>"; };
		B293F01E29729BE2002B1B08 /* Assets.xcassets */ = {isa = PBXFileReference; lastKnownFileType = folder.assetcatalog; path = Assets.xcassets; sourceTree = "<group>"; };
		B293F02129729BE2002B1B08 /* Preview Assets.xcassets */ = {isa = PBXFileReference; lastKnownFileType = folder.assetcatalog; path = "Preview Assets.xcassets"; sourceTree = "<group>"; };
		B293F02729729BE2002B1B08 /* PokedexTests.xctest */ = {isa = PBXFileReference; explicitFileType = wrapper.cfbundle; includeInIndex = 0; path = PokedexTests.xctest; sourceTree = BUILT_PRODUCTS_DIR; };
		B293F02B29729BE2002B1B08 /* PokedexTests.swift */ = {isa = PBXFileReference; lastKnownFileType = sourcecode.swift; path = PokedexTests.swift; sourceTree = "<group>"; };
		B293F03129729BE2002B1B08 /* PokedexUITests.xctest */ = {isa = PBXFileReference; explicitFileType = wrapper.cfbundle; includeInIndex = 0; path = PokedexUITests.xctest; sourceTree = BUILT_PRODUCTS_DIR; };
		B293F03529729BE2002B1B08 /* PokedexUITests.swift */ = {isa = PBXFileReference; lastKnownFileType = sourcecode.swift; path = PokedexUITests.swift; sourceTree = "<group>"; };
		B293F03729729BE2002B1B08 /* PokedexUITestsLaunchTests.swift */ = {isa = PBXFileReference; lastKnownFileType = sourcecode.swift; path = PokedexUITestsLaunchTests.swift; sourceTree = "<group>"; };
		B2978D75299D5B630071B94C /* LottieView.swift */ = {isa = PBXFileReference; lastKnownFileType = sourcecode.swift; path = LottieView.swift; sourceTree = "<group>"; };
		B2978D77299D5C190071B94C /* loading.json */ = {isa = PBXFileReference; fileEncoding = 4; lastKnownFileType = text.json; path = loading.json; sourceTree = "<group>"; };
		B2A04CE62985A4D9008F4573 /* TypeCardList.swift */ = {isa = PBXFileReference; lastKnownFileType = sourcecode.swift; path = TypeCardList.swift; sourceTree = "<group>"; };
		B2A04CEA2985AA3C008F4573 /* EvolutionList.swift */ = {isa = PBXFileReference; lastKnownFileType = sourcecode.swift; path = EvolutionList.swift; sourceTree = "<group>"; };
		B2B739D92980037E000B1C46 /* TypeCard.swift */ = {isa = PBXFileReference; lastKnownFileType = sourcecode.swift; path = TypeCard.swift; sourceTree = "<group>"; };
		B2B739DD29802766000B1C46 /* PokemonType.swift */ = {isa = PBXFileReference; lastKnownFileType = sourcecode.swift; path = PokemonType.swift; sourceTree = "<group>"; };
/* End PBXFileReference section */

/* Begin PBXFrameworksBuildPhase section */
		B293F01429729BE0002B1B08 /* Frameworks */ = {
			isa = PBXFrameworksBuildPhase;
			buildActionMask = 2147483647;
			files = (
				B2978D74299D5AC60071B94C /* Lottie in Frameworks */,
			);
			runOnlyForDeploymentPostprocessing = 0;
		};
		B293F02429729BE2002B1B08 /* Frameworks */ = {
			isa = PBXFrameworksBuildPhase;
			buildActionMask = 2147483647;
			files = (
			);
			runOnlyForDeploymentPostprocessing = 0;
		};
		B293F02E29729BE2002B1B08 /* Frameworks */ = {
			isa = PBXFrameworksBuildPhase;
			buildActionMask = 2147483647;
			files = (
			);
			runOnlyForDeploymentPostprocessing = 0;
		};
/* End PBXFrameworksBuildPhase section */

/* Begin PBXGroup section */
		B250774629894AF800483147 /* Home */ = {
			isa = PBXGroup;
			children = (
				B250774929894D9C00483147 /* ListViewItem.swift */,
				B250774729894C8A00483147 /* HomeView.swift */,
			);
			path = Home;
			sourceTree = "<group>";
		};
		B2747B0D297309E100209F8A /* Detail */ = {
			isa = PBXGroup;
			children = (
				B2747B112973ED0A00209F8A /* DetailView.swift */,
				B2747B132973EE3C00209F8A /* DetailColumn.swift */,
				B2747B152973F2FF00209F8A /* StatBar.swift */,
				B27D0F8829745ACD00BAC32F /* SpriteColumn.swift */,
				B286A7B6298537950018C7A3 /* StatRow.swift */,
				B26AA72A2985483500D72A7C /* EvolutionColumn.swift */,
				B2A04CE62985A4D9008F4573 /* TypeCardList.swift */,
				B2A04CEA2985AA3C008F4573 /* EvolutionList.swift */,
			);
			path = Detail;
			sourceTree = "<group>";
		};
		B2747B0E2973DF8100209F8A /* Styles */ = {
			isa = PBXGroup;
			children = (
				B2386DBF299CB4C40083A3BE /* ButtonStyles.swift */,
			);
			path = Styles;
			sourceTree = "<group>";
		};
		B2747B1A2973F9EA00209F8A /* Modifiers */ = {
			isa = PBXGroup;
			children = (
				B2747B182973F98000209F8A /* CornerRaduisModifier.swift */,
			);
			path = Modifiers;
			sourceTree = "<group>";
		};
		B2747B1B297403E100209F8A /* Utils */ = {
			isa = PBXGroup;
			children = (
				B2747B1C2974040000209F8A /* UIHelper.swift */,
				B2695ADA298290F4008A0153 /* Helper.swift */,
			);
			path = Utils;
			sourceTree = "<group>";
		};
		B2802B76299235B2007AE3BA /* Favorites */ = {
			isa = PBXGroup;
			children = (
				B2802B792992369A007AE3BA /* FavoritesView.swift */,
				B2122AA92998C39300A64E1E /* FavoriteGridItem.swift */,
			);
			path = Favorites;
			sourceTree = "<group>";
		};
		B293F00E29729BDF002B1B08 = {
			isa = PBXGroup;
			children = (
				B293F01929729BE0002B1B08 /* Pokedex */,
				B293F02A29729BE2002B1B08 /* PokedexTests */,
				B293F03429729BE2002B1B08 /* PokedexUITests */,
				B293F01829729BE0002B1B08 /* Products */,
			);
			sourceTree = "<group>";
		};
		B293F01829729BE0002B1B08 /* Products */ = {
			isa = PBXGroup;
			children = (
				B293F01729729BE0002B1B08 /* Pokedex.app */,
				B293F02729729BE2002B1B08 /* PokedexTests.xctest */,
				B293F03129729BE2002B1B08 /* PokedexUITests.xctest */,
			);
			name = Products;
			sourceTree = "<group>";
		};
		B293F01929729BE0002B1B08 /* Pokedex */ = {
			isa = PBXGroup;
			children = (
				B2978D77299D5C190071B94C /* loading.json */,
				B2695AE02982D0D9008A0153 /* Info.plist */,
				B2747B1B297403E100209F8A /* Utils */,
				B2747B1A2973F9EA00209F8A /* Modifiers */,
				B2747B0E2973DF8100209F8A /* Styles */,
				B2747B0D297309E100209F8A /* Detail */,
				B250774629894AF800483147 /* Home */,
				B293F04B2972D0CC002B1B08 /* Navigation */,
				B2802B76299235B2007AE3BA /* Favorites */,
				B293F04929729F2D002B1B08 /* Resources */,
				B293F04829729F10002B1B08 /* Services */,
				B293F04529729C36002B1B08 /* Models */,
				B293F04429729C06002B1B08 /* Components */,
				B293F01A29729BE0002B1B08 /* PokedexApp.swift */,
				B293F01C29729BE0002B1B08 /* ContentView.swift */,
				B293F01E29729BE2002B1B08 /* Assets.xcassets */,
				B293F02029729BE2002B1B08 /* Preview Content */,
			);
			path = Pokedex;
			sourceTree = "<group>";
		};
		B293F02029729BE2002B1B08 /* Preview Content */ = {
			isa = PBXGroup;
			children = (
				B293F02129729BE2002B1B08 /* Preview Assets.xcassets */,
			);
			path = "Preview Content";
			sourceTree = "<group>";
		};
		B293F02A29729BE2002B1B08 /* PokedexTests */ = {
			isa = PBXGroup;
			children = (
				B293F02B29729BE2002B1B08 /* PokedexTests.swift */,
			);
			path = PokedexTests;
			sourceTree = "<group>";
		};
		B293F03429729BE2002B1B08 /* PokedexUITests */ = {
			isa = PBXGroup;
			children = (
				B293F03529729BE2002B1B08 /* PokedexUITests.swift */,
				B293F03729729BE2002B1B08 /* PokedexUITestsLaunchTests.swift */,
			);
			path = PokedexUITests;
			sourceTree = "<group>";
		};
		B293F04429729C06002B1B08 /* Components */ = {
			isa = PBXGroup;
			children = (
				B2B739D92980037E000B1C46 /* TypeCard.swift */,
				B2978D75299D5B630071B94C /* LottieView.swift */,
			);
			path = Components;
			sourceTree = "<group>";
		};
		B293F04529729C36002B1B08 /* Models */ = {
			isa = PBXGroup;
			children = (
				B24C9A622976EE2E0094C677 /* Model.swift */,
				B24C9A602976DB160094C677 /* Pokemon.swift */,
				B2B739DD29802766000B1C46 /* PokemonType.swift */,
				B2695ADE2982CEA2008A0153 /* Evolution.swift */,
			);
			path = Models;
			sourceTree = "<group>";
		};
		B293F04829729F10002B1B08 /* Services */ = {
			isa = PBXGroup;
			children = (
				B23F0C81298437A1009767BA /* PokemonService.swift */,
				B23F0C8329843A15009767BA /* Services.swift */,
			);
			path = Services;
			sourceTree = "<group>";
		};
		B293F04929729F2D002B1B08 /* Resources */ = {
			isa = PBXGroup;
			children = (
			);
			path = Resources;
			sourceTree = "<group>";
		};
		B293F04B2972D0CC002B1B08 /* Navigation */ = {
			isa = PBXGroup;
			children = (
				B250774229893EA000483147 /* TabBarNavigation.swift */,
			);
			path = Navigation;
			sourceTree = "<group>";
		};
/* End PBXGroup section */

/* Begin PBXNativeTarget section */
		B293F01629729BE0002B1B08 /* Pokedex */ = {
			isa = PBXNativeTarget;
			buildConfigurationList = B293F03B29729BE2002B1B08 /* Build configuration list for PBXNativeTarget "Pokedex" */;
			buildPhases = (
				B293F01329729BE0002B1B08 /* Sources */,
				B293F01429729BE0002B1B08 /* Frameworks */,
				B293F01529729BE0002B1B08 /* Resources */,
			);
			buildRules = (
			);
			dependencies = (
			);
			name = Pokedex;
			packageProductDependencies = (
				B2978D73299D5AC60071B94C /* Lottie */,
			);
			productName = Pokedex;
			productReference = B293F01729729BE0002B1B08 /* Pokedex.app */;
			productType = "com.apple.product-type.application";
		};
		B293F02629729BE2002B1B08 /* PokedexTests */ = {
			isa = PBXNativeTarget;
			buildConfigurationList = B293F03E29729BE2002B1B08 /* Build configuration list for PBXNativeTarget "PokedexTests" */;
			buildPhases = (
				B293F02329729BE2002B1B08 /* Sources */,
				B293F02429729BE2002B1B08 /* Frameworks */,
				B293F02529729BE2002B1B08 /* Resources */,
			);
			buildRules = (
			);
			dependencies = (
				B293F02929729BE2002B1B08 /* PBXTargetDependency */,
			);
			name = PokedexTests;
			productName = PokedexTests;
			productReference = B293F02729729BE2002B1B08 /* PokedexTests.xctest */;
			productType = "com.apple.product-type.bundle.unit-test";
		};
		B293F03029729BE2002B1B08 /* PokedexUITests */ = {
			isa = PBXNativeTarget;
			buildConfigurationList = B293F04129729BE2002B1B08 /* Build configuration list for PBXNativeTarget "PokedexUITests" */;
			buildPhases = (
				B293F02D29729BE2002B1B08 /* Sources */,
				B293F02E29729BE2002B1B08 /* Frameworks */,
				B293F02F29729BE2002B1B08 /* Resources */,
			);
			buildRules = (
			);
			dependencies = (
				B293F03329729BE2002B1B08 /* PBXTargetDependency */,
			);
			name = PokedexUITests;
			productName = PokedexUITests;
			productReference = B293F03129729BE2002B1B08 /* PokedexUITests.xctest */;
			productType = "com.apple.product-type.bundle.ui-testing";
		};
/* End PBXNativeTarget section */

/* Begin PBXProject section */
		B293F00F29729BDF002B1B08 /* Project object */ = {
			isa = PBXProject;
			attributes = {
				BuildIndependentTargetsInParallel = 1;
				LastSwiftUpdateCheck = 1410;
				LastUpgradeCheck = 1410;
				TargetAttributes = {
					B293F01629729BE0002B1B08 = {
						CreatedOnToolsVersion = 14.1;
					};
					B293F02629729BE2002B1B08 = {
						CreatedOnToolsVersion = 14.1;
						TestTargetID = B293F01629729BE0002B1B08;
					};
					B293F03029729BE2002B1B08 = {
						CreatedOnToolsVersion = 14.1;
						TestTargetID = B293F01629729BE0002B1B08;
					};
				};
			};
			buildConfigurationList = B293F01229729BDF002B1B08 /* Build configuration list for PBXProject "Pokedex" */;
			compatibilityVersion = "Xcode 14.0";
			developmentRegion = en;
			hasScannedForEncodings = 0;
			knownRegions = (
				en,
				Base,
			);
			mainGroup = B293F00E29729BDF002B1B08;
			packageReferences = (
				B2978D72299D5AC60071B94C /* XCRemoteSwiftPackageReference "lottie-ios" */,
			);
			productRefGroup = B293F01829729BE0002B1B08 /* Products */;
			projectDirPath = "";
			projectRoot = "";
			targets = (
				B293F01629729BE0002B1B08 /* Pokedex */,
				B293F02629729BE2002B1B08 /* PokedexTests */,
				B293F03029729BE2002B1B08 /* PokedexUITests */,
			);
		};
/* End PBXProject section */

/* Begin PBXResourcesBuildPhase section */
		B293F01529729BE0002B1B08 /* Resources */ = {
			isa = PBXResourcesBuildPhase;
			buildActionMask = 2147483647;
			files = (
				B293F02229729BE2002B1B08 /* Preview Assets.xcassets in Resources */,
				B293F01F29729BE2002B1B08 /* Assets.xcassets in Resources */,
				B2978D78299D5C190071B94C /* loading.json in Resources */,
			);
			runOnlyForDeploymentPostprocessing = 0;
		};
		B293F02529729BE2002B1B08 /* Resources */ = {
			isa = PBXResourcesBuildPhase;
			buildActionMask = 2147483647;
			files = (
			);
			runOnlyForDeploymentPostprocessing = 0;
		};
		B293F02F29729BE2002B1B08 /* Resources */ = {
			isa = PBXResourcesBuildPhase;
			buildActionMask = 2147483647;
			files = (
			);
			runOnlyForDeploymentPostprocessing = 0;
		};
/* End PBXResourcesBuildPhase section */

/* Begin PBXSourcesBuildPhase section */
		B293F01329729BE0002B1B08 /* Sources */ = {
			isa = PBXSourcesBuildPhase;
			buildActionMask = 2147483647;
			files = (
				B2B739DA2980037E000B1C46 /* TypeCard.swift in Sources */,
				B23F0C82298437A1009767BA /* PokemonService.swift in Sources */,
				B2978D76299D5B630071B94C /* LottieView.swift in Sources */,
				B250774A29894D9C00483147 /* ListViewItem.swift in Sources */,
				B2695ADB298290F4008A0153 /* Helper.swift in Sources */,
				B293F01D29729BE0002B1B08 /* ContentView.swift in Sources */,
				B23F0C8429843A15009767BA /* Services.swift in Sources */,
				B250774829894C8A00483147 /* HomeView.swift in Sources */,
				B2386DC0299CB4C40083A3BE /* ButtonStyles.swift in Sources */,
				B26AA72B2985483500D72A7C /* EvolutionColumn.swift in Sources */,
				B2747B122973ED0A00209F8A /* DetailView.swift in Sources */,
				B286A7B7298537950018C7A3 /* StatRow.swift in Sources */,
				B27D0F8929745ACD00BAC32F /* SpriteColumn.swift in Sources */,
				B293F01B29729BE0002B1B08 /* PokedexApp.swift in Sources */,
				B24C9A612976DB160094C677 /* Pokemon.swift in Sources */,
				B2747B162973F2FF00209F8A /* StatBar.swift in Sources */,
				B2122AAA2998C39300A64E1E /* FavoriteGridItem.swift in Sources */,
				B2747B192973F98000209F8A /* CornerRaduisModifier.swift in Sources */,
				B2A04CE72985A4D9008F4573 /* TypeCardList.swift in Sources */,
				B250774329893EA000483147 /* TabBarNavigation.swift in Sources */,
				B24C9A632976EE2E0094C677 /* Model.swift in Sources */,
				B2B739DE29802766000B1C46 /* PokemonType.swift in Sources */,
				B2747B142973EE3C00209F8A /* DetailColumn.swift in Sources */,
				B2802B7A2992369A007AE3BA /* FavoritesView.swift in Sources */,
				B2747B1D2974040000209F8A /* UIHelper.swift in Sources */,
				B2695ADF2982CEA2008A0153 /* Evolution.swift in Sources */,
				B2A04CEB2985AA3C008F4573 /* EvolutionList.swift in Sources */,
			);
			runOnlyForDeploymentPostprocessing = 0;
		};
		B293F02329729BE2002B1B08 /* Sources */ = {
			isa = PBXSourcesBuildPhase;
			buildActionMask = 2147483647;
			files = (
				B293F02C29729BE2002B1B08 /* PokedexTests.swift in Sources */,
			);
			runOnlyForDeploymentPostprocessing = 0;
		};
		B293F02D29729BE2002B1B08 /* Sources */ = {
			isa = PBXSourcesBuildPhase;
			buildActionMask = 2147483647;
			files = (
				B293F03629729BE2002B1B08 /* PokedexUITests.swift in Sources */,
				B293F03829729BE2002B1B08 /* PokedexUITestsLaunchTests.swift in Sources */,
			);
			runOnlyForDeploymentPostprocessing = 0;
		};
/* End PBXSourcesBuildPhase section */

/* Begin PBXTargetDependency section */
		B293F02929729BE2002B1B08 /* PBXTargetDependency */ = {
			isa = PBXTargetDependency;
			target = B293F01629729BE0002B1B08 /* Pokedex */;
			targetProxy = B293F02829729BE2002B1B08 /* PBXContainerItemProxy */;
		};
		B293F03329729BE2002B1B08 /* PBXTargetDependency */ = {
			isa = PBXTargetDependency;
			target = B293F01629729BE0002B1B08 /* Pokedex */;
			targetProxy = B293F03229729BE2002B1B08 /* PBXContainerItemProxy */;
		};
/* End PBXTargetDependency section */

/* Begin XCBuildConfiguration section */
		B293F03929729BE2002B1B08 /* Debug */ = {
			isa = XCBuildConfiguration;
			buildSettings = {
				ALWAYS_SEARCH_USER_PATHS = NO;
				CLANG_ANALYZER_NONNULL = YES;
				CLANG_ANALYZER_NUMBER_OBJECT_CONVERSION = YES_AGGRESSIVE;
				CLANG_CXX_LANGUAGE_STANDARD = "gnu++20";
				CLANG_ENABLE_MODULES = YES;
				CLANG_ENABLE_OBJC_ARC = YES;
				CLANG_ENABLE_OBJC_WEAK = YES;
				CLANG_WARN_BLOCK_CAPTURE_AUTORELEASING = YES;
				CLANG_WARN_BOOL_CONVERSION = YES;
				CLANG_WARN_COMMA = YES;
				CLANG_WARN_CONSTANT_CONVERSION = YES;
				CLANG_WARN_DEPRECATED_OBJC_IMPLEMENTATIONS = YES;
				CLANG_WARN_DIRECT_OBJC_ISA_USAGE = YES_ERROR;
				CLANG_WARN_DOCUMENTATION_COMMENTS = YES;
				CLANG_WARN_EMPTY_BODY = YES;
				CLANG_WARN_ENUM_CONVERSION = YES;
				CLANG_WARN_INFINITE_RECURSION = YES;
				CLANG_WARN_INT_CONVERSION = YES;
				CLANG_WARN_NON_LITERAL_NULL_CONVERSION = YES;
				CLANG_WARN_OBJC_IMPLICIT_RETAIN_SELF = YES;
				CLANG_WARN_OBJC_LITERAL_CONVERSION = YES;
				CLANG_WARN_OBJC_ROOT_CLASS = YES_ERROR;
				CLANG_WARN_QUOTED_INCLUDE_IN_FRAMEWORK_HEADER = YES;
				CLANG_WARN_RANGE_LOOP_ANALYSIS = YES;
				CLANG_WARN_STRICT_PROTOTYPES = YES;
				CLANG_WARN_SUSPICIOUS_MOVE = YES;
				CLANG_WARN_UNGUARDED_AVAILABILITY = YES_AGGRESSIVE;
				CLANG_WARN_UNREACHABLE_CODE = YES;
				CLANG_WARN__DUPLICATE_METHOD_MATCH = YES;
				COPY_PHASE_STRIP = NO;
				DEBUG_INFORMATION_FORMAT = dwarf;
				ENABLE_STRICT_OBJC_MSGSEND = YES;
				ENABLE_TESTABILITY = YES;
				GCC_C_LANGUAGE_STANDARD = gnu11;
				GCC_DYNAMIC_NO_PIC = NO;
				GCC_NO_COMMON_BLOCKS = YES;
				GCC_OPTIMIZATION_LEVEL = 0;
				GCC_PREPROCESSOR_DEFINITIONS = (
					"DEBUG=1",
					"$(inherited)",
				);
				GCC_WARN_64_TO_32_BIT_CONVERSION = YES;
				GCC_WARN_ABOUT_RETURN_TYPE = YES_ERROR;
				GCC_WARN_UNDECLARED_SELECTOR = YES;
				GCC_WARN_UNINITIALIZED_AUTOS = YES_AGGRESSIVE;
				GCC_WARN_UNUSED_FUNCTION = YES;
				GCC_WARN_UNUSED_VARIABLE = YES;
				IPHONEOS_DEPLOYMENT_TARGET = 15.0;
				MTL_ENABLE_DEBUG_INFO = INCLUDE_SOURCE;
				MTL_FAST_MATH = YES;
				ONLY_ACTIVE_ARCH = YES;
				SDKROOT = iphoneos;
				SWIFT_ACTIVE_COMPILATION_CONDITIONS = DEBUG;
				SWIFT_OPTIMIZATION_LEVEL = "-Onone";
			};
			name = Debug;
		};
		B293F03A29729BE2002B1B08 /* Release */ = {
			isa = XCBuildConfiguration;
			buildSettings = {
				ALWAYS_SEARCH_USER_PATHS = NO;
				CLANG_ANALYZER_NONNULL = YES;
				CLANG_ANALYZER_NUMBER_OBJECT_CONVERSION = YES_AGGRESSIVE;
				CLANG_CXX_LANGUAGE_STANDARD = "gnu++20";
				CLANG_ENABLE_MODULES = YES;
				CLANG_ENABLE_OBJC_ARC = YES;
				CLANG_ENABLE_OBJC_WEAK = YES;
				CLANG_WARN_BLOCK_CAPTURE_AUTORELEASING = YES;
				CLANG_WARN_BOOL_CONVERSION = YES;
				CLANG_WARN_COMMA = YES;
				CLANG_WARN_CONSTANT_CONVERSION = YES;
				CLANG_WARN_DEPRECATED_OBJC_IMPLEMENTATIONS = YES;
				CLANG_WARN_DIRECT_OBJC_ISA_USAGE = YES_ERROR;
				CLANG_WARN_DOCUMENTATION_COMMENTS = YES;
				CLANG_WARN_EMPTY_BODY = YES;
				CLANG_WARN_ENUM_CONVERSION = YES;
				CLANG_WARN_INFINITE_RECURSION = YES;
				CLANG_WARN_INT_CONVERSION = YES;
				CLANG_WARN_NON_LITERAL_NULL_CONVERSION = YES;
				CLANG_WARN_OBJC_IMPLICIT_RETAIN_SELF = YES;
				CLANG_WARN_OBJC_LITERAL_CONVERSION = YES;
				CLANG_WARN_OBJC_ROOT_CLASS = YES_ERROR;
				CLANG_WARN_QUOTED_INCLUDE_IN_FRAMEWORK_HEADER = YES;
				CLANG_WARN_RANGE_LOOP_ANALYSIS = YES;
				CLANG_WARN_STRICT_PROTOTYPES = YES;
				CLANG_WARN_SUSPICIOUS_MOVE = YES;
				CLANG_WARN_UNGUARDED_AVAILABILITY = YES_AGGRESSIVE;
				CLANG_WARN_UNREACHABLE_CODE = YES;
				CLANG_WARN__DUPLICATE_METHOD_MATCH = YES;
				COPY_PHASE_STRIP = NO;
				DEBUG_INFORMATION_FORMAT = "dwarf-with-dsym";
				ENABLE_NS_ASSERTIONS = NO;
				ENABLE_STRICT_OBJC_MSGSEND = YES;
				GCC_C_LANGUAGE_STANDARD = gnu11;
				GCC_NO_COMMON_BLOCKS = YES;
				GCC_WARN_64_TO_32_BIT_CONVERSION = YES;
				GCC_WARN_ABOUT_RETURN_TYPE = YES_ERROR;
				GCC_WARN_UNDECLARED_SELECTOR = YES;
				GCC_WARN_UNINITIALIZED_AUTOS = YES_AGGRESSIVE;
				GCC_WARN_UNUSED_FUNCTION = YES;
				GCC_WARN_UNUSED_VARIABLE = YES;
				IPHONEOS_DEPLOYMENT_TARGET = 15.0;
				MTL_ENABLE_DEBUG_INFO = NO;
				MTL_FAST_MATH = YES;
				SDKROOT = iphoneos;
				SWIFT_COMPILATION_MODE = wholemodule;
				SWIFT_OPTIMIZATION_LEVEL = "-O";
				VALIDATE_PRODUCT = YES;
			};
			name = Release;
		};
		B293F03C29729BE2002B1B08 /* Debug */ = {
			isa = XCBuildConfiguration;
			buildSettings = {
				ASSETCATALOG_COMPILER_APPICON_NAME = AppIcon;
				ASSETCATALOG_COMPILER_GLOBAL_ACCENT_COLOR_NAME = AccentColor;
				CODE_SIGN_IDENTITY = "Apple Development";
				CODE_SIGN_STYLE = Automatic;
				CURRENT_PROJECT_VERSION = 1;
				DEVELOPMENT_ASSET_PATHS = "\"Pokedex/Preview Content\"";
				DEVELOPMENT_TEAM = V4DA6VHS5T;
				ENABLE_PREVIEWS = YES;
				GENERATE_INFOPLIST_FILE = YES;
				INFOPLIST_FILE = Pokedex/Info.plist;
				INFOPLIST_KEY_UIApplicationSupportsIndirectInputEvents = YES;
				INFOPLIST_KEY_UILaunchScreen_Generation = YES;
				INFOPLIST_KEY_UIRequiresFullScreen = YES;
				INFOPLIST_KEY_UIStatusBarStyle = "";
				INFOPLIST_KEY_UISupportedInterfaceOrientations = UIInterfaceOrientationPortrait;
				LD_RUNPATH_SEARCH_PATHS = (
					"$(inherited)",
					"@executable_path/Frameworks",
				);
				MARKETING_VERSION = 1.0;
				PRODUCT_BUNDLE_IDENTIFIER = com.example.apple.Pokedex;
				PRODUCT_NAME = "$(TARGET_NAME)";
				PROVISIONING_PROFILE_SPECIFIER = "";
				SWIFT_EMIT_LOC_STRINGS = YES;
				SWIFT_VERSION = 5.0;
				TARGETED_DEVICE_FAMILY = "1,2";
			};
			name = Debug;
		};
		B293F03D29729BE2002B1B08 /* Release */ = {
			isa = XCBuildConfiguration;
			buildSettings = {
				ASSETCATALOG_COMPILER_APPICON_NAME = AppIcon;
				ASSETCATALOG_COMPILER_GLOBAL_ACCENT_COLOR_NAME = AccentColor;
				CODE_SIGN_IDENTITY = "Apple Development";
				CODE_SIGN_STYLE = Automatic;
				CURRENT_PROJECT_VERSION = 1;
				DEVELOPMENT_ASSET_PATHS = "\"Pokedex/Preview Content\"";
				DEVELOPMENT_TEAM = V4DA6VHS5T;
				ENABLE_PREVIEWS = YES;
				GENERATE_INFOPLIST_FILE = YES;
				INFOPLIST_FILE = Pokedex/Info.plist;
				INFOPLIST_KEY_UIApplicationSupportsIndirectInputEvents = YES;
				INFOPLIST_KEY_UILaunchScreen_Generation = YES;
				INFOPLIST_KEY_UIRequiresFullScreen = YES;
				INFOPLIST_KEY_UIStatusBarStyle = "";
				INFOPLIST_KEY_UISupportedInterfaceOrientations = UIInterfaceOrientationPortrait;
				LD_RUNPATH_SEARCH_PATHS = (
					"$(inherited)",
					"@executable_path/Frameworks",
				);
				MARKETING_VERSION = 1.0;
				PRODUCT_BUNDLE_IDENTIFIER = com.example.apple.Pokedex;
				PRODUCT_NAME = "$(TARGET_NAME)";
				PROVISIONING_PROFILE_SPECIFIER = "";
				SWIFT_EMIT_LOC_STRINGS = YES;
				SWIFT_VERSION = 5.0;
				TARGETED_DEVICE_FAMILY = "1,2";
			};
			name = Release;
		};
		B293F03F29729BE2002B1B08 /* Debug */ = {
			isa = XCBuildConfiguration;
			buildSettings = {
				ALWAYS_EMBED_SWIFT_STANDARD_LIBRARIES = YES;
				BUNDLE_LOADER = "$(TEST_HOST)";
				CODE_SIGN_STYLE = Automatic;
				CURRENT_PROJECT_VERSION = 1;
				DEVELOPMENT_TEAM = S29HL34427;
				GENERATE_INFOPLIST_FILE = YES;
				IPHONEOS_DEPLOYMENT_TARGET = 16.1;
				MARKETING_VERSION = 1.0;
				PRODUCT_BUNDLE_IDENTIFIER = com.example.apple.PokedexTests;
				PRODUCT_NAME = "$(TARGET_NAME)";
				SWIFT_EMIT_LOC_STRINGS = NO;
				SWIFT_VERSION = 5.0;
				TARGETED_DEVICE_FAMILY = "1,2";
				TEST_HOST = "$(BUILT_PRODUCTS_DIR)/Pokedex.app/$(BUNDLE_EXECUTABLE_FOLDER_PATH)/Pokedex";
			};
			name = Debug;
		};
		B293F04029729BE2002B1B08 /* Release */ = {
			isa = XCBuildConfiguration;
			buildSettings = {
				ALWAYS_EMBED_SWIFT_STANDARD_LIBRARIES = YES;
				BUNDLE_LOADER = "$(TEST_HOST)";
				CODE_SIGN_STYLE = Automatic;
				CURRENT_PROJECT_VERSION = 1;
				DEVELOPMENT_TEAM = S29HL34427;
				GENERATE_INFOPLIST_FILE = YES;
				IPHONEOS_DEPLOYMENT_TARGET = 16.1;
				MARKETING_VERSION = 1.0;
				PRODUCT_BUNDLE_IDENTIFIER = com.example.apple.PokedexTests;
				PRODUCT_NAME = "$(TARGET_NAME)";
				SWIFT_EMIT_LOC_STRINGS = NO;
				SWIFT_VERSION = 5.0;
				TARGETED_DEVICE_FAMILY = "1,2";
				TEST_HOST = "$(BUILT_PRODUCTS_DIR)/Pokedex.app/$(BUNDLE_EXECUTABLE_FOLDER_PATH)/Pokedex";
			};
			name = Release;
		};
		B293F04229729BE2002B1B08 /* Debug */ = {
			isa = XCBuildConfiguration;
			buildSettings = {
				ALWAYS_EMBED_SWIFT_STANDARD_LIBRARIES = YES;
				CODE_SIGN_STYLE = Automatic;
				CURRENT_PROJECT_VERSION = 1;
				DEVELOPMENT_TEAM = S29HL34427;
				GENERATE_INFOPLIST_FILE = YES;
				MARKETING_VERSION = 1.0;
				PRODUCT_BUNDLE_IDENTIFIER = com.example.apple.PokedexUITests;
				PRODUCT_NAME = "$(TARGET_NAME)";
				SWIFT_EMIT_LOC_STRINGS = NO;
				SWIFT_VERSION = 5.0;
				TARGETED_DEVICE_FAMILY = "1,2";
				TEST_TARGET_NAME = Pokedex;
			};
			name = Debug;
		};
		B293F04329729BE2002B1B08 /* Release */ = {
			isa = XCBuildConfiguration;
			buildSettings = {
				ALWAYS_EMBED_SWIFT_STANDARD_LIBRARIES = YES;
				CODE_SIGN_STYLE = Automatic;
				CURRENT_PROJECT_VERSION = 1;
				DEVELOPMENT_TEAM = S29HL34427;
				GENERATE_INFOPLIST_FILE = YES;
				MARKETING_VERSION = 1.0;
				PRODUCT_BUNDLE_IDENTIFIER = com.example.apple.PokedexUITests;
				PRODUCT_NAME = "$(TARGET_NAME)";
				SWIFT_EMIT_LOC_STRINGS = NO;
				SWIFT_VERSION = 5.0;
				TARGETED_DEVICE_FAMILY = "1,2";
				TEST_TARGET_NAME = Pokedex;
			};
			name = Release;
		};
/* End XCBuildConfiguration section */

/* Begin XCConfigurationList section */
		B293F01229729BDF002B1B08 /* Build configuration list for PBXProject "Pokedex" */ = {
			isa = XCConfigurationList;
			buildConfigurations = (
				B293F03929729BE2002B1B08 /* Debug */,
				B293F03A29729BE2002B1B08 /* Release */,
			);
			defaultConfigurationIsVisible = 0;
			defaultConfigurationName = Release;
		};
		B293F03B29729BE2002B1B08 /* Build configuration list for PBXNativeTarget "Pokedex" */ = {
			isa = XCConfigurationList;
			buildConfigurations = (
				B293F03C29729BE2002B1B08 /* Debug */,
				B293F03D29729BE2002B1B08 /* Release */,
			);
			defaultConfigurationIsVisible = 0;
			defaultConfigurationName = Release;
		};
		B293F03E29729BE2002B1B08 /* Build configuration list for PBXNativeTarget "PokedexTests" */ = {
			isa = XCConfigurationList;
			buildConfigurations = (
				B293F03F29729BE2002B1B08 /* Debug */,
				B293F04029729BE2002B1B08 /* Release */,
			);
			defaultConfigurationIsVisible = 0;
			defaultConfigurationName = Release;
		};
		B293F04129729BE2002B1B08 /* Build configuration list for PBXNativeTarget "PokedexUITests" */ = {
			isa = XCConfigurationList;
			buildConfigurations = (
				B293F04229729BE2002B1B08 /* Debug */,
				B293F04329729BE2002B1B08 /* Release */,
			);
			defaultConfigurationIsVisible = 0;
			defaultConfigurationName = Release;
		};
/* End XCConfigurationList section */

/* Begin XCRemoteSwiftPackageReference section */
		B2978D72299D5AC60071B94C /* XCRemoteSwiftPackageReference "lottie-ios" */ = {
			isa = XCRemoteSwiftPackageReference;
			repositoryURL = "https://github.com/airbnb/lottie-ios.git";
			requirement = {
				kind = upToNextMajorVersion;
				minimumVersion = 4.0.0;
			};
		};
/* End XCRemoteSwiftPackageReference section */

/* Begin XCSwiftPackageProductDependency section */
		B2978D73299D5AC60071B94C /* Lottie */ = {
			isa = XCSwiftPackageProductDependency;
			package = B2978D72299D5AC60071B94C /* XCRemoteSwiftPackageReference "lottie-ios" */;
			productName = Lottie;
		};
/* End XCSwiftPackageProductDependency section */
	};
	rootObject = B293F00F29729BDF002B1B08 /* Project object */;
}
